
Microsoft Visual Studio Solution File, Format Version 12.00
# Visual Studio Version 17
VisualStudioVersion = 17.14.36511.14 d17.14
MinimumVisualStudioVersion = 10.0.40219.1
Project("{FAE04EC0-301F-11D3-BF4B-00C04F79EFBC}") = "viceri.desafio.server.Api", "viceri.desafio.server.Api\viceri.desafio.server.Api.csproj", "{A9171C08-C77A-4C26-B08B-B5219BA362A2}"
EndProject
Project("{FAE04EC0-301F-11D3-BF4B-00C04F79EFBC}") = "viceri.desafio.server.Application", "viceri.desafio.server.Application\viceri.desafio.server.Application.csproj", "{237B4455-0592-4054-B758-B26FEE7F2FE8}"
EndProject
Project("{FAE04EC0-301F-11D3-BF4B-00C04F79EFBC}") = "viceri.desafio.server.Domain", "viceri.desafio.server.Domain\viceri.desafio.server.Domain.csproj", "{4C6DDE4A-4D8E-4D8C-AD98-608FB7D33711}"
EndProject
Project("{FAE04EC0-301F-11D3-BF4B-00C04F79EFBC}") = "viceri.desafio.server.Infrastructure", "viceri.desafio.server.Infrastructure\viceri.desafio.server.Infrastructure.csproj", "{DED65009-18C0-4D8C-A900-ED12BF3F8476}"
EndProject
Project("{FAE04EC0-301F-11D3-BF4B-00C04F79EFBC}") = "viceri.desafio.server.IOC", "viceri.desafio.server.IOC\viceri.desafio.server.IOC.csproj", "{28709F3C-D2C6-40F3-9F99-8DC12C269AAA}"
EndProject
Global
	GlobalSection(SolutionConfigurationPlatforms) = preSolution
		Debug|Any CPU = Debug|Any CPU
		Release|Any CPU = Release|Any CPU
	EndGlobalSection
	GlobalSection(ProjectConfigurationPlatforms) = postSolution
		{A9171C08-C77A-4C26-B08B-B5219BA362A2}.Debug|Any CPU.ActiveCfg = Debug|Any CPU
		{A9171C08-C77A-4C26-B08B-B5219BA362A2}.Debug|Any CPU.Build.0 = Debug|Any CPU
		{A9171C08-C77A-4C26-B08B-B5219BA362A2}.Release|Any CPU.ActiveCfg = Release|Any CPU
		{A9171C08-C77A-4C26-B08B-B5219BA362A2}.Release|Any CPU.Build.0 = Release|Any CPU
		{237B4455-0592-4054-B758-B26FEE7F2FE8}.Debug|Any CPU.ActiveCfg = Debug|Any CPU
		{237B4455-0592-4054-B758-B26FEE7F2FE8}.Debug|Any CPU.Build.0 = Debug|Any CPU
		{237B4455-0592-4054-B758-B26FEE7F2FE8}.Release|Any CPU.ActiveCfg = Release|Any CPU
		{237B4455-0592-4054-B758-B26FEE7F2FE8}.Release|Any CPU.Build.0 = Release|Any CPU
		{4C6DDE4A-4D8E-4D8C-AD98-608FB7D33711}.Debug|Any CPU.ActiveCfg = Debug|Any CPU
		{4C6DDE4A-4D8E-4D8C-AD98-608FB7D33711}.Debug|Any CPU.Build.0 = Debug|Any CPU
		{4C6DDE4A-4D8E-4D8C-AD98-608FB7D33711}.Release|Any CPU.ActiveCfg = Release|Any CPU
		{4C6DDE4A-4D8E-4D8C-AD98-608FB7D33711}.Release|Any CPU.Build.0 = Release|Any CPU
		{DED65009-18C0-4D8C-A900-ED12BF3F8476}.Debug|Any CPU.ActiveCfg = Debug|Any CPU
		{DED65009-18C0-4D8C-A900-ED12BF3F8476}.Debug|Any CPU.Build.0 = Debug|Any CPU
		{DED65009-18C0-4D8C-A900-ED12BF3F8476}.Release|Any CPU.ActiveCfg = Release|Any CPU
		{DED65009-18C0-4D8C-A900-ED12BF3F8476}.Release|Any CPU.Build.0 = Release|Any CPU
		{28709F3C-D2C6-40F3-9F99-8DC12C269AAA}.Debug|Any CPU.ActiveCfg = Debug|Any CPU
		{28709F3C-D2C6-40F3-9F99-8DC12C269AAA}.Debug|Any CPU.Build.0 = Debug|Any CPU
		{28709F3C-D2C6-40F3-9F99-8DC12C269AAA}.Release|Any CPU.ActiveCfg = Release|Any CPU
		{28709F3C-D2C6-40F3-9F99-8DC12C269AAA}.Release|Any CPU.Build.0 = Release|Any CPU
	EndGlobalSection
	GlobalSection(SolutionProperties) = preSolution
		HideSolutionNode = FALSE
	EndGlobalSection
	GlobalSection(ExtensibilityGlobals) = postSolution
		SolutionGuid = {AF27E5A1-19F8-4F50-8634-CFC97760ED1D}
	EndGlobalSection
EndGlobal
